
Microsoft Visual Studio Solution File, Format Version 12.00
# Visual Studio Version 17
VisualStudioVersion = 17.5.33627.172
MinimumVisualStudioVersion = 10.0.40219.1
Project("{9A19103F-16F7-4668-BE54-9A1E7A4F7556}") = "MyCSharpLib", "MyCSharpLib\MyCSharpLib.csproj", "{5D38B73A-CC58-4F7E-A715-02407A049C79}"
EndProject
Project("{9A19103F-16F7-4668-BE54-9A1E7A4F7556}") = "MyCSharpLibTests", "MyCSharpLibTests\MyCSharpLibTests.csproj", "{71E05944-F0C7-4136-8EFB-007888B08E85}"
EndProject
Project("{9A19103F-16F7-4668-BE54-9A1E7A4F7556}") = "MyCSharpConsoleApp", "MyCSharpConsoleApp\MyCSharpConsoleApp.csproj", "{3DB56C55-5A6F-43E9-81B7-EA6ED5D7880F}"
EndProject
Project("{FAE04EC0-301F-11D3-BF4B-00C04F79EFBC}") = "BreakfastApp", "BreakfastApp\BreakfastApp.csproj", "{5DE189DC-5F56-4E03-BDE1-6E337DF1E4C4}"
EndProject
Global
	GlobalSection(SolutionConfigurationPlatforms) = preSolution
		Debug|Any CPU = Debug|Any CPU
		Release|Any CPU = Release|Any CPU
	EndGlobalSection
	GlobalSection(ProjectConfigurationPlatforms) = postSolution
		{5D38B73A-CC58-4F7E-A715-02407A049C79}.Debug|Any CPU.ActiveCfg = Debug|Any CPU
		{5D38B73A-CC58-4F7E-A715-02407A049C79}.Debug|Any CPU.Build.0 = Debug|Any CPU
		{5D38B73A-CC58-4F7E-A715-02407A049C79}.Release|Any CPU.ActiveCfg = Release|Any CPU
		{5D38B73A-CC58-4F7E-A715-02407A049C79}.Release|Any CPU.Build.0 = Release|Any CPU
		{71E05944-F0C7-4136-8EFB-007888B08E85}.Debug|Any CPU.ActiveCfg = Debug|Any CPU
		{71E05944-F0C7-4136-8EFB-007888B08E85}.Debug|Any CPU.Build.0 = Debug|Any CPU
		{71E05944-F0C7-4136-8EFB-007888B08E85}.Release|Any CPU.ActiveCfg = Release|Any CPU
		{71E05944-F0C7-4136-8EFB-007888B08E85}.Release|Any CPU.Build.0 = Release|Any CPU
		{3DB56C55-5A6F-43E9-81B7-EA6ED5D7880F}.Debug|Any CPU.ActiveCfg = Debug|Any CPU
		{3DB56C55-5A6F-43E9-81B7-EA6ED5D7880F}.Debug|Any CPU.Build.0 = Debug|Any CPU
		{3DB56C55-5A6F-43E9-81B7-EA6ED5D7880F}.Release|Any CPU.ActiveCfg = Release|Any CPU
		{3DB56C55-5A6F-43E9-81B7-EA6ED5D7880F}.Release|Any CPU.Build.0 = Release|Any CPU
		{5DE189DC-5F56-4E03-BDE1-6E337DF1E4C4}.Debug|Any CPU.ActiveCfg = Debug|Any CPU
		{5DE189DC-5F56-4E03-BDE1-6E337DF1E4C4}.Debug|Any CPU.Build.0 = Debug|Any CPU
		{5DE189DC-5F56-4E03-BDE1-6E337DF1E4C4}.Release|Any CPU.ActiveCfg = Release|Any CPU
		{5DE189DC-5F56-4E03-BDE1-6E337DF1E4C4}.Release|Any CPU.Build.0 = Release|Any CPU
	EndGlobalSection
	GlobalSection(SolutionProperties) = preSolution
		HideSolutionNode = FALSE
	EndGlobalSection
	GlobalSection(ExtensibilityGlobals) = postSolution
		SolutionGuid = {9EF84361-5371-4B61-9F43-5AA0C98F982B}
	EndGlobalSection
EndGlobal
